// !$*UTF8*$!
{
	archiveVersion = 1;
	classes = {
	};
	objectVersion = 55;
	objects = {

/* Begin PBXBuildFile section */
		33EE25C927FF4BAC008296A2 /* Tests_iOS.swift in Sources */ = {isa = PBXBuildFile; fileRef = 33EE25C827FF4BAC008296A2 /* Tests_iOS.swift */; };
		33EE25CB27FF4BAC008296A2 /* Tests_iOSLaunchTests.swift in Sources */ = {isa = PBXBuildFile; fileRef = 33EE25CA27FF4BAC008296A2 /* Tests_iOSLaunchTests.swift */; };
		33EE25D527FF4BAD008296A2 /* Tests_macOS.swift in Sources */ = {isa = PBXBuildFile; fileRef = 33EE25D427FF4BAD008296A2 /* Tests_macOS.swift */; };
		33EE25D727FF4BAD008296A2 /* Tests_macOSLaunchTests.swift in Sources */ = {isa = PBXBuildFile; fileRef = 33EE25D627FF4BAD008296A2 /* Tests_macOSLaunchTests.swift */; };
		33EE25D827FF4BAD008296A2 /* NationalParkListApp.swift in Sources */ = {isa = PBXBuildFile; fileRef = 33EE25B027FF4BA9008296A2 /* NationalParkListApp.swift */; };
		33EE25D927FF4BAD008296A2 /* NationalParkListApp.swift in Sources */ = {isa = PBXBuildFile; fileRef = 33EE25B027FF4BA9008296A2 /* NationalParkListApp.swift */; };
		33EE25DA27FF4BAD008296A2 /* ContentView.swift in Sources */ = {isa = PBXBuildFile; fileRef = 33EE25B127FF4BA9008296A2 /* ContentView.swift */; };
		33EE25DB27FF4BAD008296A2 /* ContentView.swift in Sources */ = {isa = PBXBuildFile; fileRef = 33EE25B127FF4BA9008296A2 /* ContentView.swift */; };
		33EE25DC27FF4BAD008296A2 /* Assets.xcassets in Resources */ = {isa = PBXBuildFile; fileRef = 33EE25B227FF4BAC008296A2 /* Assets.xcassets */; };
		33EE25DD27FF4BAD008296A2 /* Assets.xcassets in Resources */ = {isa = PBXBuildFile; fileRef = 33EE25B227FF4BAC008296A2 /* Assets.xcassets */; };
		33EE25ED27FF4C82008296A2 /* AddNewParks.swift in Sources */ = {isa = PBXBuildFile; fileRef = 33EE25EC27FF4C82008296A2 /* AddNewParks.swift */; };
		33EE25EE27FF4C82008296A2 /* AddNewParks.swift in Sources */ = {isa = PBXBuildFile; fileRef = 33EE25EC27FF4C82008296A2 /* AddNewParks.swift */; };
		33EE25F027FF4D54008296A2 /* ParkDetails.swift in Sources */ = {isa = PBXBuildFile; fileRef = 33EE25EF27FF4D54008296A2 /* ParkDetails.swift */; };
		33EE25F127FF4D54008296A2 /* ParkDetails.swift in Sources */ = {isa = PBXBuildFile; fileRef = 33EE25EF27FF4D54008296A2 /* ParkDetails.swift */; };
		33EE25F327FF4DC7008296A2 /* Park.swift in Sources */ = {isa = PBXBuildFile; fileRef = 33EE25F227FF4DC7008296A2 /* Park.swift */; };
		33EE25F427FF4DC7008296A2 /* Park.swift in Sources */ = {isa = PBXBuildFile; fileRef = 33EE25F227FF4DC7008296A2 /* Park.swift */; };
		33EE25F627FF4E05008296A2 /* ParkData.swift in Sources */ = {isa = PBXBuildFile; fileRef = 33EE25F527FF4E05008296A2 /* ParkData.swift */; };
		33EE25F727FF4E05008296A2 /* ParkData.swift in Sources */ = {isa = PBXBuildFile; fileRef = 33EE25F527FF4E05008296A2 /* ParkData.swift */; };
		33EE25FA27FF4EA5008296A2 /* ParkStore.swift in Sources */ = {isa = PBXBuildFile; fileRef = 33EE25F927FF4EA5008296A2 /* ParkStore.swift */; };
		33EE25FB27FF4EA5008296A2 /* ParkStore.swift in Sources */ = {isa = PBXBuildFile; fileRef = 33EE25F927FF4EA5008296A2 /* ParkStore.swift */; };
		33EE25FD27FF4EE4008296A2 /* CarAssets.xcassets in Resources */ = {isa = PBXBuildFile; fileRef = 33EE25FC27FF4EE4008296A2 /* CarAssets.xcassets */; };
		33EE25FE27FF4EE4008296A2 /* CarAssets.xcassets in Resources */ = {isa = PBXBuildFile; fileRef = 33EE25FC27FF4EE4008296A2 /* CarAssets.xcassets */; };
		33EE260027FF5024008296A2 /* parkData.json in Resources */ = {isa = PBXBuildFile; fileRef = 33EE25FF27FF5024008296A2 /* parkData.json */; };
		33EE260127FF5024008296A2 /* parkData.json in Resources */ = {isa = PBXBuildFile; fileRef = 33EE25FF27FF5024008296A2 /* parkData.json */; };
/* End PBXBuildFile section */

/* Begin PBXContainerItemProxy section */
		33EE25C527FF4BAC008296A2 /* PBXContainerItemProxy */ = {
			isa = PBXContainerItemProxy;
			containerPortal = 33EE25AB27FF4BA8008296A2 /* Project object */;
			proxyType = 1;
			remoteGlobalIDString = 33EE25B627FF4BAC008296A2;
			remoteInfo = "NationalParkList (iOS)";
		};
		33EE25D127FF4BAD008296A2 /* PBXContainerItemProxy */ = {
			isa = PBXContainerItemProxy;
			containerPortal = 33EE25AB27FF4BA8008296A2 /* Project object */;
			proxyType = 1;
			remoteGlobalIDString = 33EE25BC27FF4BAC008296A2;
			remoteInfo = "NationalParkList (macOS)";
		};
/* End PBXContainerItemProxy section */

/* Begin PBXFileReference section */
		33EE25B027FF4BA9008296A2 /* NationalParkListApp.swift */ = {isa = PBXFileReference; lastKnownFileType = sourcecode.swift; path = NationalParkListApp.swift; sourceTree = "<group>"; };
		33EE25B127FF4BA9008296A2 /* ContentView.swift */ = {isa = PBXFileReference; lastKnownFileType = sourcecode.swift; path = ContentView.swift; sourceTree = "<group>"; };
		33EE25B227FF4BAC008296A2 /* Assets.xcassets */ = {isa = PBXFileReference; lastKnownFileType = folder.assetcatalog; path = Assets.xcassets; sourceTree = "<group>"; };
		33EE25B727FF4BAC008296A2 /* NationalParkList.app */ = {isa = PBXFileReference; explicitFileType = wrapper.application; includeInIndex = 0; path = NationalParkList.app; sourceTree = BUILT_PRODUCTS_DIR; };
		33EE25BD27FF4BAC008296A2 /* NationalParkList.app */ = {isa = PBXFileReference; explicitFileType = wrapper.application; includeInIndex = 0; path = NationalParkList.app; sourceTree = BUILT_PRODUCTS_DIR; };
		33EE25BF27FF4BAC008296A2 /* macOS.entitlements */ = {isa = PBXFileReference; lastKnownFileType = text.plist.entitlements; path = macOS.entitlements; sourceTree = "<group>"; };
		33EE25C427FF4BAC008296A2 /* Tests iOS.xctest */ = {isa = PBXFileReference; explicitFileType = wrapper.cfbundle; includeInIndex = 0; path = "Tests iOS.xctest"; sourceTree = BUILT_PRODUCTS_DIR; };
		33EE25C827FF4BAC008296A2 /* Tests_iOS.swift */ = {isa = PBXFileReference; lastKnownFileType = sourcecode.swift; path = Tests_iOS.swift; sourceTree = "<group>"; };
		33EE25CA27FF4BAC008296A2 /* Tests_iOSLaunchTests.swift */ = {isa = PBXFileReference; lastKnownFileType = sourcecode.swift; path = Tests_iOSLaunchTests.swift; sourceTree = "<group>"; };
		33EE25D027FF4BAD008296A2 /* Tests macOS.xctest */ = {isa = PBXFileReference; explicitFileType = wrapper.cfbundle; includeInIndex = 0; path = "Tests macOS.xctest"; sourceTree = BUILT_PRODUCTS_DIR; };
		33EE25D427FF4BAD008296A2 /* Tests_macOS.swift */ = {isa = PBXFileReference; lastKnownFileType = sourcecode.swift; path = Tests_macOS.swift; sourceTree = "<group>"; };
		33EE25D627FF4BAD008296A2 /* Tests_macOSLaunchTests.swift */ = {isa = PBXFileReference; lastKnownFileType = sourcecode.swift; path = Tests_macOSLaunchTests.swift; sourceTree = "<group>"; };
		33EE25EC27FF4C82008296A2 /* AddNewParks.swift */ = {isa = PBXFileReference; lastKnownFileType = sourcecode.swift; path = AddNewParks.swift; sourceTree = "<group>"; };
		33EE25EF27FF4D54008296A2 /* ParkDetails.swift */ = {isa = PBXFileReference; lastKnownFileType = sourcecode.swift; path = ParkDetails.swift; sourceTree = "<group>"; };
		33EE25F227FF4DC7008296A2 /* Park.swift */ = {isa = PBXFileReference; lastKnownFileType = sourcecode.swift; path = Park.swift; sourceTree = "<group>"; };
		33EE25F527FF4E05008296A2 /* ParkData.swift */ = {isa = PBXFileReference; lastKnownFileType = sourcecode.swift; path = ParkData.swift; sourceTree = "<group>"; };
		33EE25F827FF4E73008296A2 /* parkData.geojson */ = {isa = PBXFileReference; lastKnownFileType = text; path = parkData.geojson; sourceTree = "<group>"; };
		33EE25F927FF4EA5008296A2 /* ParkStore.swift */ = {isa = PBXFileReference; lastKnownFileType = sourcecode.swift; path = ParkStore.swift; sourceTree = "<group>"; };
		33EE25FC27FF4EE4008296A2 /* CarAssets.xcassets */ = {isa = PBXFileReference; lastKnownFileType = folder.assetcatalog; path = CarAssets.xcassets; sourceTree = "<group>"; };
		33EE25FF27FF5024008296A2 /* parkData.json */ = {isa = PBXFileReference; fileEncoding = 4; lastKnownFileType = text.json; path = parkData.json; sourceTree = "<group>"; };
/* End PBXFileReference section */

/* Begin PBXFrameworksBuildPhase section */
		33EE25B427FF4BAC008296A2 /* Frameworks */ = {
			isa = PBXFrameworksBuildPhase;
			buildActionMask = 2147483647;
			files = (
			);
			runOnlyForDeploymentPostprocessing = 0;
		};
		33EE25BA27FF4BAC008296A2 /* Frameworks */ = {
			isa = PBXFrameworksBuildPhase;
			buildActionMask = 2147483647;
			files = (
			);
			runOnlyForDeploymentPostprocessing = 0;
		};
		33EE25C127FF4BAC008296A2 /* Frameworks */ = {
			isa = PBXFrameworksBuildPhase;
			buildActionMask = 2147483647;
			files = (
			);
			runOnlyForDeploymentPostprocessing = 0;
		};
		33EE25CD27FF4BAD008296A2 /* Frameworks */ = {
			isa = PBXFrameworksBuildPhase;
			buildActionMask = 2147483647;
			files = (
			);
			runOnlyForDeploymentPostprocessing = 0;
		};
/* End PBXFrameworksBuildPhase section */

/* Begin PBXGroup section */
		33EE25AA27FF4BA8008296A2 = {
			isa = PBXGroup;
			children = (
				33EE25AF27FF4BA9008296A2 /* Shared */,
				33EE25BE27FF4BAC008296A2 /* macOS */,
				33EE25C727FF4BAC008296A2 /* Tests iOS */,
				33EE25D327FF4BAD008296A2 /* Tests macOS */,
				33EE25B827FF4BAC008296A2 /* Products */,
			);
			sourceTree = "<group>";
		};
		33EE25AF27FF4BA9008296A2 /* Shared */ = {
			isa = PBXGroup;
			children = (
				33EE25B027FF4BA9008296A2 /* NationalParkListApp.swift */,
				33EE25B127FF4BA9008296A2 /* ContentView.swift */,
				33EE25EF27FF4D54008296A2 /* ParkDetails.swift */,
				33EE25F227FF4DC7008296A2 /* Park.swift */,
				33EE25F527FF4E05008296A2 /* ParkData.swift */,
				33EE25F827FF4E73008296A2 /* parkData.geojson */,
				33EE25FF27FF5024008296A2 /* parkData.json */,
				33EE25FC27FF4EE4008296A2 /* CarAssets.xcassets */,
				33EE25F927FF4EA5008296A2 /* ParkStore.swift */,
				33EE25EC27FF4C82008296A2 /* AddNewParks.swift */,
				33EE25B227FF4BAC008296A2 /* Assets.xcassets */,
			);
			path = Shared;
			sourceTree = "<group>";
		};
		33EE25B827FF4BAC008296A2 /* Products */ = {
			isa = PBXGroup;
			children = (
				33EE25B727FF4BAC008296A2 /* NationalParkList.app */,
				33EE25BD27FF4BAC008296A2 /* NationalParkList.app */,
				33EE25C427FF4BAC008296A2 /* Tests iOS.xctest */,
				33EE25D027FF4BAD008296A2 /* Tests macOS.xctest */,
			);
			name = Products;
			sourceTree = "<group>";
		};
		33EE25BE27FF4BAC008296A2 /* macOS */ = {
			isa = PBXGroup;
			children = (
				33EE25BF27FF4BAC008296A2 /* macOS.entitlements */,
			);
			path = macOS;
			sourceTree = "<group>";
		};
		33EE25C727FF4BAC008296A2 /* Tests iOS */ = {
			isa = PBXGroup;
			children = (
				33EE25C827FF4BAC008296A2 /* Tests_iOS.swift */,
				33EE25CA27FF4BAC008296A2 /* Tests_iOSLaunchTests.swift */,
			);
			path = "Tests iOS";
			sourceTree = "<group>";
		};
		33EE25D327FF4BAD008296A2 /* Tests macOS */ = {
			isa = PBXGroup;
			children = (
				33EE25D427FF4BAD008296A2 /* Tests_macOS.swift */,
				33EE25D627FF4BAD008296A2 /* Tests_macOSLaunchTests.swift */,
			);
			path = "Tests macOS";
			sourceTree = "<group>";
		};
/* End PBXGroup section */

/* Begin PBXNativeTarget section */
		33EE25B627FF4BAC008296A2 /* NationalParkList (iOS) */ = {
			isa = PBXNativeTarget;
			buildConfigurationList = 33EE25E027FF4BAD008296A2 /* Build configuration list for PBXNativeTarget "NationalParkList (iOS)" */;
			buildPhases = (
				33EE25B327FF4BAC008296A2 /* Sources */,
				33EE25B427FF4BAC008296A2 /* Frameworks */,
				33EE25B527FF4BAC008296A2 /* Resources */,
			);
			buildRules = (
			);
			dependencies = (
			);
			name = "NationalParkList (iOS)";
			productName = "NationalParkList (iOS)";
			productReference = 33EE25B727FF4BAC008296A2 /* NationalParkList.app */;
			productType = "com.apple.product-type.application";
		};
		33EE25BC27FF4BAC008296A2 /* NationalParkList (macOS) */ = {
			isa = PBXNativeTarget;
			buildConfigurationList = 33EE25E327FF4BAD008296A2 /* Build configuration list for PBXNativeTarget "NationalParkList (macOS)" */;
			buildPhases = (
				33EE25B927FF4BAC008296A2 /* Sources */,
				33EE25BA27FF4BAC008296A2 /* Frameworks */,
				33EE25BB27FF4BAC008296A2 /* Resources */,
			);
			buildRules = (
			);
			dependencies = (
			);
			name = "NationalParkList (macOS)";
			productName = "NationalParkList (macOS)";
			productReference = 33EE25BD27FF4BAC008296A2 /* NationalParkList.app */;
			productType = "com.apple.product-type.application";
		};
		33EE25C327FF4BAC008296A2 /* Tests iOS */ = {
			isa = PBXNativeTarget;
			buildConfigurationList = 33EE25E627FF4BAD008296A2 /* Build configuration list for PBXNativeTarget "Tests iOS" */;
			buildPhases = (
				33EE25C027FF4BAC008296A2 /* Sources */,
				33EE25C127FF4BAC008296A2 /* Frameworks */,
				33EE25C227FF4BAC008296A2 /* Resources */,
			);
			buildRules = (
			);
			dependencies = (
				33EE25C627FF4BAC008296A2 /* PBXTargetDependency */,
			);
			name = "Tests iOS";
			productName = "Tests iOS";
			productReference = 33EE25C427FF4BAC008296A2 /* Tests iOS.xctest */;
			productType = "com.apple.product-type.bundle.ui-testing";
		};
		33EE25CF27FF4BAD008296A2 /* Tests macOS */ = {
			isa = PBXNativeTarget;
			buildConfigurationList = 33EE25E927FF4BAD008296A2 /* Build configuration list for PBXNativeTarget "Tests macOS" */;
			buildPhases = (
				33EE25CC27FF4BAD008296A2 /* Sources */,
				33EE25CD27FF4BAD008296A2 /* Frameworks */,
				33EE25CE27FF4BAD008296A2 /* Resources */,
			);
			buildRules = (
			);
			dependencies = (
				33EE25D227FF4BAD008296A2 /* PBXTargetDependency */,
			);
			name = "Tests macOS";
			productName = "Tests macOS";
			productReference = 33EE25D027FF4BAD008296A2 /* Tests macOS.xctest */;
			productType = "com.apple.product-type.bundle.ui-testing";
		};
/* End PBXNativeTarget section */

/* Begin PBXProject section */
		33EE25AB27FF4BA8008296A2 /* Project object */ = {
			isa = PBXProject;
			attributes = {
				BuildIndependentTargetsInParallel = 1;
				LastSwiftUpdateCheck = 1300;
				LastUpgradeCheck = 1300;
				TargetAttributes = {
					33EE25B627FF4BAC008296A2 = {
						CreatedOnToolsVersion = 13.0;
					};
					33EE25BC27FF4BAC008296A2 = {
						CreatedOnToolsVersion = 13.0;
					};
					33EE25C327FF4BAC008296A2 = {
						CreatedOnToolsVersion = 13.0;
						TestTargetID = 33EE25B627FF4BAC008296A2;
					};
					33EE25CF27FF4BAD008296A2 = {
						CreatedOnToolsVersion = 13.0;
						TestTargetID = 33EE25BC27FF4BAC008296A2;
					};
				};
			};
			buildConfigurationList = 33EE25AE27FF4BA8008296A2 /* Build configuration list for PBXProject "NationalParkList" */;
			compatibilityVersion = "Xcode 13.0";
			developmentRegion = en;
			hasScannedForEncodings = 0;
			knownRegions = (
				en,
				Base,
			);
			mainGroup = 33EE25AA27FF4BA8008296A2;
			productRefGroup = 33EE25B827FF4BAC008296A2 /* Products */;
			projectDirPath = "";
			projectRoot = "";
			targets = (
				33EE25B627FF4BAC008296A2 /* NationalParkList (iOS) */,
				33EE25BC27FF4BAC008296A2 /* NationalParkList (macOS) */,
				33EE25C327FF4BAC008296A2 /* Tests iOS */,
				33EE25CF27FF4BAD008296A2 /* Tests macOS */,
			);
		};
/* End PBXProject section */

/* Begin PBXResourcesBuildPhase section */
		33EE25B527FF4BAC008296A2 /* Resources */ = {
			isa = PBXResourcesBuildPhase;
			buildActionMask = 2147483647;
			files = (
				33EE25DC27FF4BAD008296A2 /* Assets.xcassets in Resources */,
				33EE260027FF5024008296A2 /* parkData.json in Resources */,
				33EE25FD27FF4EE4008296A2 /* CarAssets.xcassets in Resources */,
			);
			runOnlyForDeploymentPostprocessing = 0;
		};
		33EE25BB27FF4BAC008296A2 /* Resources */ = {
			isa = PBXResourcesBuildPhase;
			buildActionMask = 2147483647;
			files = (
				33EE25DD27FF4BAD008296A2 /* Assets.xcassets in Resources */,
				33EE260127FF5024008296A2 /* parkData.json in Resources */,
				33EE25FE27FF4EE4008296A2 /* CarAssets.xcassets in Resources */,
			);
			runOnlyForDeploymentPostprocessing = 0;
		};
		33EE25C227FF4BAC008296A2 /* Resources */ = {
			isa = PBXResourcesBuildPhase;
			buildActionMask = 2147483647;
			files = (
			);
			runOnlyForDeploymentPostprocessing = 0;
		};
		33EE25CE27FF4BAD008296A2 /* Resources */ = {
			isa = PBXResourcesBuildPhase;
			buildActionMask = 2147483647;
			files = (
			);
			runOnlyForDeploymentPostprocessing = 0;
		};
/* End PBXResourcesBuildPhase section */

/* Begin PBXSourcesBuildPhase section */
		33EE25B327FF4BAC008296A2 /* Sources */ = {
			isa = PBXSourcesBuildPhase;
			buildActionMask = 2147483647;
			files = (
				33EE25FA27FF4EA5008296A2 /* ParkStore.swift in Sources */,
				33EE25F027FF4D54008296A2 /* ParkDetails.swift in Sources */,
				33EE25ED27FF4C82008296A2 /* AddNewParks.swift in Sources */,
				33EE25DA27FF4BAD008296A2 /* ContentView.swift in Sources */,
				33EE25F627FF4E05008296A2 /* ParkData.swift in Sources */,
				33EE25F327FF4DC7008296A2 /* Park.swift in Sources */,
				33EE25D827FF4BAD008296A2 /* NationalParkListApp.swift in Sources */,
			);
			runOnlyForDeploymentPostprocessing = 0;
		};
		33EE25B927FF4BAC008296A2 /* Sources */ = {
			isa = PBXSourcesBuildPhase;
			buildActionMask = 2147483647;
			files = (
				33EE25FB27FF4EA5008296A2 /* ParkStore.swift in Sources */,
				33EE25F127FF4D54008296A2 /* ParkDetails.swift in Sources */,
				33EE25EE27FF4C82008296A2 /* AddNewParks.swift in Sources */,
				33EE25DB27FF4BAD008296A2 /* ContentView.swift in Sources */,
				33EE25F727FF4E05008296A2 /* ParkData.swift in Sources */,
				33EE25F427FF4DC7008296A2 /* Park.swift in Sources */,
				33EE25D927FF4BAD008296A2 /* NationalParkListApp.swift in Sources */,
			);
			runOnlyForDeploymentPostprocessing = 0;
		};
		33EE25C027FF4BAC008296A2 /* Sources */ = {
			isa = PBXSourcesBuildPhase;
			buildActionMask = 2147483647;
			files = (
				33EE25CB27FF4BAC008296A2 /* Tests_iOSLaunchTests.swift in Sources */,
				33EE25C927FF4BAC008296A2 /* Tests_iOS.swift in Sources */,
			);
			runOnlyForDeploymentPostprocessing = 0;
		};
		33EE25CC27FF4BAD008296A2 /* Sources */ = {
			isa = PBXSourcesBuildPhase;
			buildActionMask = 2147483647;
			files = (
				33EE25D727FF4BAD008296A2 /* Tests_macOSLaunchTests.swift in Sources */,
				33EE25D527FF4BAD008296A2 /* Tests_macOS.swift in Sources */,
			);
			runOnlyForDeploymentPostprocessing = 0;
		};
/* End PBXSourcesBuildPhase section */

/* Begin PBXTargetDependency section */
		33EE25C627FF4BAC008296A2 /* PBXTargetDependency */ = {
			isa = PBXTargetDependency;
			target = 33EE25B627FF4BAC008296A2 /* NationalParkList (iOS) */;
			targetProxy = 33EE25C527FF4BAC008296A2 /* PBXContainerItemProxy */;
		};
		33EE25D227FF4BAD008296A2 /* PBXTargetDependency */ = {
			isa = PBXTargetDependency;
			target = 33EE25BC27FF4BAC008296A2 /* NationalParkList (macOS) */;
			targetProxy = 33EE25D127FF4BAD008296A2 /* PBXContainerItemProxy */;
		};
/* End PBXTargetDependency section */

/* Begin XCBuildConfiguration section */
		33EE25DE27FF4BAD008296A2 /* Debug */ = {
			isa = XCBuildConfiguration;
			buildSettings = {
				ALWAYS_SEARCH_USER_PATHS = NO;
				CLANG_ANALYZER_NONNULL = YES;
				CLANG_ANALYZER_NUMBER_OBJECT_CONVERSION = YES_AGGRESSIVE;
				CLANG_CXX_LANGUAGE_STANDARD = "gnu++17";
				CLANG_CXX_LIBRARY = "libc++";
				CLANG_ENABLE_MODULES = YES;
				CLANG_ENABLE_OBJC_ARC = YES;
				CLANG_ENABLE_OBJC_WEAK = YES;
				CLANG_WARN_BLOCK_CAPTURE_AUTORELEASING = YES;
				CLANG_WARN_BOOL_CONVERSION = YES;
				CLANG_WARN_COMMA = YES;
				CLANG_WARN_CONSTANT_CONVERSION = YES;
				CLANG_WARN_DEPRECATED_OBJC_IMPLEMENTATIONS = YES;
				CLANG_WARN_DIRECT_OBJC_ISA_USAGE = YES_ERROR;
				CLANG_WARN_DOCUMENTATION_COMMENTS = YES;
				CLANG_WARN_EMPTY_BODY = YES;
				CLANG_WARN_ENUM_CONVERSION = YES;
				CLANG_WARN_INFINITE_RECURSION = YES;
				CLANG_WARN_INT_CONVERSION = YES;
				CLANG_WARN_NON_LITERAL_NULL_CONVERSION = YES;
				CLANG_WARN_OBJC_IMPLICIT_RETAIN_SELF = YES;
				CLANG_WARN_OBJC_LITERAL_CONVERSION = YES;
				CLANG_WARN_OBJC_ROOT_CLASS = YES_ERROR;
				CLANG_WARN_QUOTED_INCLUDE_IN_FRAMEWORK_HEADER = YES;
				CLANG_WARN_RANGE_LOOP_ANALYSIS = YES;
				CLANG_WARN_STRICT_PROTOTYPES = YES;
				CLANG_WARN_SUSPICIOUS_MOVE = YES;
				CLANG_WARN_UNGUARDED_AVAILABILITY = YES_AGGRESSIVE;
				CLANG_WARN_UNREACHABLE_CODE = YES;
				CLANG_WARN__DUPLICATE_METHOD_MATCH = YES;
				COPY_PHASE_STRIP = NO;
				DEBUG_INFORMATION_FORMAT = dwarf;
				ENABLE_STRICT_OBJC_MSGSEND = YES;
				ENABLE_TESTABILITY = YES;
				GCC_C_LANGUAGE_STANDARD = gnu11;
				GCC_DYNAMIC_NO_PIC = NO;
				GCC_NO_COMMON_BLOCKS = YES;
				GCC_OPTIMIZATION_LEVEL = 0;
				GCC_PREPROCESSOR_DEFINITIONS = (
					"DEBUG=1",
					"$(inherited)",
				);
				GCC_WARN_64_TO_32_BIT_CONVERSION = YES;
				GCC_WARN_ABOUT_RETURN_TYPE = YES_ERROR;
				GCC_WARN_UNDECLARED_SELECTOR = YES;
				GCC_WARN_UNINITIALIZED_AUTOS = YES_AGGRESSIVE;
				GCC_WARN_UNUSED_FUNCTION = YES;
				GCC_WARN_UNUSED_VARIABLE = YES;
				MTL_ENABLE_DEBUG_INFO = INCLUDE_SOURCE;
				MTL_FAST_MATH = YES;
				ONLY_ACTIVE_ARCH = YES;
				SWIFT_ACTIVE_COMPILATION_CONDITIONS = DEBUG;
				SWIFT_OPTIMIZATION_LEVEL = "-Onone";
			};
			name = Debug;
		};
		33EE25DF27FF4BAD008296A2 /* Release */ = {
			isa = XCBuildConfiguration;
			buildSettings = {
				ALWAYS_SEARCH_USER_PATHS = NO;
				CLANG_ANALYZER_NONNULL = YES;
				CLANG_ANALYZER_NUMBER_OBJECT_CONVERSION = YES_AGGRESSIVE;
				CLANG_CXX_LANGUAGE_STANDARD = "gnu++17";
				CLANG_CXX_LIBRARY = "libc++";
				CLANG_ENABLE_MODULES = YES;
				CLANG_ENABLE_OBJC_ARC = YES;
				CLANG_ENABLE_OBJC_WEAK = YES;
				CLANG_WARN_BLOCK_CAPTURE_AUTORELEASING = YES;
				CLANG_WARN_BOOL_CONVERSION = YES;
				CLANG_WARN_COMMA = YES;
				CLANG_WARN_CONSTANT_CONVERSION = YES;
				CLANG_WARN_DEPRECATED_OBJC_IMPLEMENTATIONS = YES;
				CLANG_WARN_DIRECT_OBJC_ISA_USAGE = YES_ERROR;
				CLANG_WARN_DOCUMENTATION_COMMENTS = YES;
				CLANG_WARN_EMPTY_BODY = YES;
				CLANG_WARN_ENUM_CONVERSION = YES;
				CLANG_WARN_INFINITE_RECURSION = YES;
				CLANG_WARN_INT_CONVERSION = YES;
				CLANG_WARN_NON_LITERAL_NULL_CONVERSION = YES;
				CLANG_WARN_OBJC_IMPLICIT_RETAIN_SELF = YES;
				CLANG_WARN_OBJC_LITERAL_CONVERSION = YES;
				CLANG_WARN_OBJC_ROOT_CLASS = YES_ERROR;
				CLANG_WARN_QUOTED_INCLUDE_IN_FRAMEWORK_HEADER = YES;
				CLANG_WARN_RANGE_LOOP_ANALYSIS = YES;
				CLANG_WARN_STRICT_PROTOTYPES = YES;
				CLANG_WARN_SUSPICIOUS_MOVE = YES;
				CLANG_WARN_UNGUARDED_AVAILABILITY = YES_AGGRESSIVE;
				CLANG_WARN_UNREACHABLE_CODE = YES;
				CLANG_WARN__DUPLICATE_METHOD_MATCH = YES;
				COPY_PHASE_STRIP = NO;
				DEBUG_INFORMATION_FORMAT = "dwarf-with-dsym";
				ENABLE_NS_ASSERTIONS = NO;
				ENABLE_STRICT_OBJC_MSGSEND = YES;
				GCC_C_LANGUAGE_STANDARD = gnu11;
				GCC_NO_COMMON_BLOCKS = YES;
				GCC_WARN_64_TO_32_BIT_CONVERSION = YES;
				GCC_WARN_ABOUT_RETURN_TYPE = YES_ERROR;
				GCC_WARN_UNDECLARED_SELECTOR = YES;
				GCC_WARN_UNINITIALIZED_AUTOS = YES_AGGRESSIVE;
				GCC_WARN_UNUSED_FUNCTION = YES;
				GCC_WARN_UNUSED_VARIABLE = YES;
				MTL_ENABLE_DEBUG_INFO = NO;
				MTL_FAST_MATH = YES;
				SWIFT_COMPILATION_MODE = wholemodule;
				SWIFT_OPTIMIZATION_LEVEL = "-O";
			};
			name = Release;
		};
		33EE25E127FF4BAD008296A2 /* Debug */ = {
			isa = XCBuildConfiguration;
			buildSettings = {
				ASSETCATALOG_COMPILER_APPICON_NAME = AppIcon;
				ASSETCATALOG_COMPILER_GLOBAL_ACCENT_COLOR_NAME = AccentColor;
				CODE_SIGN_STYLE = Automatic;
				CURRENT_PROJECT_VERSION = 1;
				DEVELOPMENT_TEAM = FSPUD8KD6F;
				ENABLE_PREVIEWS = YES;
				GENERATE_INFOPLIST_FILE = YES;
				INFOPLIST_KEY_UIApplicationSceneManifest_Generation = YES;
				INFOPLIST_KEY_UIApplicationSupportsIndirectInputEvents = YES;
				INFOPLIST_KEY_UILaunchScreen_Generation = YES;
				INFOPLIST_KEY_UISupportedInterfaceOrientations_iPad = "UIInterfaceOrientationPortrait UIInterfaceOrientationPortraitUpsideDown UIInterfaceOrientationLandscapeLeft UIInterfaceOrientationLandscapeRight";
				INFOPLIST_KEY_UISupportedInterfaceOrientations_iPhone = "UIInterfaceOrientationPortrait UIInterfaceOrientationLandscapeLeft UIInterfaceOrientationLandscapeRight";
				IPHONEOS_DEPLOYMENT_TARGET = 14.0;
				LD_RUNPATH_SEARCH_PATHS = (
					"$(inherited)",
					"@executable_path/Frameworks",
				);
				MARKETING_VERSION = 1.0;
				PRODUCT_BUNDLE_IDENTIFIER = Chapman.NationalParkList;
				PRODUCT_NAME = NationalParkList;
				SDKROOT = iphoneos;
				SWIFT_EMIT_LOC_STRINGS = YES;
				SWIFT_VERSION = 5.0;
				TARGETED_DEVICE_FAMILY = "1,2";
			};
			name = Debug;
		};
		33EE25E227FF4BAD008296A2 /* Release */ = {
			isa = XCBuildConfiguration;
			buildSettings = {
				ASSETCATALOG_COMPILER_APPICON_NAME = AppIcon;
				ASSETCATALOG_COMPILER_GLOBAL_ACCENT_COLOR_NAME = AccentColor;
				CODE_SIGN_STYLE = Automatic;
				CURRENT_PROJECT_VERSION = 1;
				DEVELOPMENT_TEAM = FSPUD8KD6F;
				ENABLE_PREVIEWS = YES;
				GENERATE_INFOPLIST_FILE = YES;
				INFOPLIST_KEY_UIApplicationSceneManifest_Generation = YES;
				INFOPLIST_KEY_UIApplicationSupportsIndirectInputEvents = YES;
				INFOPLIST_KEY_UILaunchScreen_Generation = YES;
				INFOPLIST_KEY_UISupportedInterfaceOrientations_iPad = "UIInterfaceOrientationPortrait UIInterfaceOrientationPortraitUpsideDown UIInterfaceOrientationLandscapeLeft UIInterfaceOrientationLandscapeRight";
				INFOPLIST_KEY_UISupportedInterfaceOrientations_iPhone = "UIInterfaceOrientationPortrait UIInterfaceOrientationLandscapeLeft UIInterfaceOrientationLandscapeRight";
				IPHONEOS_DEPLOYMENT_TARGET = 14.0;
				LD_RUNPATH_SEARCH_PATHS = (
					"$(inherited)",
					"@executable_path/Frameworks",
				);
				MARKETING_VERSION = 1.0;
				PRODUCT_BUNDLE_IDENTIFIER = Chapman.NationalParkList;
				PRODUCT_NAME = NationalParkList;
				SDKROOT = iphoneos;
				SWIFT_EMIT_LOC_STRINGS = YES;
				SWIFT_VERSION = 5.0;
				TARGETED_DEVICE_FAMILY = "1,2";
				VALIDATE_PRODUCT = YES;
			};
			name = Release;
		};
		33EE25E427FF4BAD008296A2 /* Debug */ = {
			isa = XCBuildConfiguration;
			buildSettings = {
				ASSETCATALOG_COMPILER_APPICON_NAME = AppIcon;
				ASSETCATALOG_COMPILER_GLOBAL_ACCENT_COLOR_NAME = AccentColor;
				CODE_SIGN_ENTITLEMENTS = macOS/macOS.entitlements;
				CODE_SIGN_STYLE = Automatic;
				COMBINE_HIDPI_IMAGES = YES;
				CURRENT_PROJECT_VERSION = 1;
				DEVELOPMENT_TEAM = FSPUD8KD6F;
				ENABLE_HARDENED_RUNTIME = YES;
				ENABLE_PREVIEWS = YES;
				GENERATE_INFOPLIST_FILE = YES;
				INFOPLIST_KEY_NSHumanReadableCopyright = "";
				LD_RUNPATH_SEARCH_PATHS = (
					"$(inherited)",
					"@executable_path/../Frameworks",
				);
				MACOSX_DEPLOYMENT_TARGET = 11.0;
				MARKETING_VERSION = 1.0;
				PRODUCT_BUNDLE_IDENTIFIER = Chapman.NationalParkList;
				PRODUCT_NAME = NationalParkList;
				SDKROOT = macosx;
				SWIFT_EMIT_LOC_STRINGS = YES;
				SWIFT_VERSION = 5.0;
			};
			name = Debug;
		};
		33EE25E527FF4BAD008296A2 /* Release */ = {
			isa = XCBuildConfiguration;
			buildSettings = {
				ASSETCATALOG_COMPILER_APPICON_NAME = AppIcon;
				ASSETCATALOG_COMPILER_GLOBAL_ACCENT_COLOR_NAME = AccentColor;
				CODE_SIGN_ENTITLEMENTS = macOS/macOS.entitlements;
				CODE_SIGN_STYLE = Automatic;
				COMBINE_HIDPI_IMAGES = YES;
				CURRENT_PROJECT_VERSION = 1;
				DEVELOPMENT_TEAM = FSPUD8KD6F;
				ENABLE_HARDENED_RUNTIME = YES;
				ENABLE_PREVIEWS = YES;
				GENERATE_INFOPLIST_FILE = YES;
				INFOPLIST_KEY_NSHumanReadableCopyright = "";
				LD_RUNPATH_SEARCH_PATHS = (
					"$(inherited)",
					"@executable_path/../Frameworks",
				);
				MACOSX_DEPLOYMENT_TARGET = 11.0;
				MARKETING_VERSION = 1.0;
				PRODUCT_BUNDLE_IDENTIFIER = Chapman.NationalParkList;
				PRODUCT_NAME = NationalParkList;
				SDKROOT = macosx;
				SWIFT_EMIT_LOC_STRINGS = YES;
				SWIFT_VERSION = 5.0;
			};
			name = Release;
		};
		33EE25E727FF4BAD008296A2 /* Debug */ = {
			isa = XCBuildConfiguration;
			buildSettings = {
				ALWAYS_EMBED_SWIFT_STANDARD_LIBRARIES = YES;
				CODE_SIGN_STYLE = Automatic;
				CURRENT_PROJECT_VERSION = 1;
				DEVELOPMENT_TEAM = FSPUD8KD6F;
				GENERATE_INFOPLIST_FILE = YES;
				IPHONEOS_DEPLOYMENT_TARGET = 15.0;
				LD_RUNPATH_SEARCH_PATHS = (
					"$(inherited)",
					"@executable_path/Frameworks",
					"@loader_path/Frameworks",
				);
				MARKETING_VERSION = 1.0;
				PRODUCT_BUNDLE_IDENTIFIER = "Chapman.Tests-iOS";
				PRODUCT_NAME = "$(TARGET_NAME)";
				SDKROOT = iphoneos;
				SWIFT_EMIT_LOC_STRINGS = NO;
				SWIFT_VERSION = 5.0;
				TARGETED_DEVICE_FAMILY = "1,2";
				TEST_TARGET_NAME = "NationalParkList (iOS)";
			};
			name = Debug;
		};
		33EE25E827FF4BAD008296A2 /* Release */ = {
			isa = XCBuildConfiguration;
			buildSettings = {
				ALWAYS_EMBED_SWIFT_STANDARD_LIBRARIES = YES;
				CODE_SIGN_STYLE = Automatic;
				CURRENT_PROJECT_VERSION = 1;
				DEVELOPMENT_TEAM = FSPUD8KD6F;
				GENERATE_INFOPLIST_FILE = YES;
				IPHONEOS_DEPLOYMENT_TARGET = 15.0;
				LD_RUNPATH_SEARCH_PATHS = (
					"$(inherited)",
					"@executable_path/Frameworks",
					"@loader_path/Frameworks",
				);
				MARKETING_VERSION = 1.0;
				PRODUCT_BUNDLE_IDENTIFIER = "Chapman.Tests-iOS";
				PRODUCT_NAME = "$(TARGET_NAME)";
				SDKROOT = iphoneos;
				SWIFT_EMIT_LOC_STRINGS = NO;
				SWIFT_VERSION = 5.0;
				TARGETED_DEVICE_FAMILY = "1,2";
				TEST_TARGET_NAME = "NationalParkList (iOS)";
				VALIDATE_PRODUCT = YES;
			};
			name = Release;
		};
		33EE25EA27FF4BAD008296A2 /* Debug */ = {
			isa = XCBuildConfiguration;
			buildSettings = {
				ALWAYS_EMBED_SWIFT_STANDARD_LIBRARIES = YES;
				CODE_SIGN_STYLE = Automatic;
				COMBINE_HIDPI_IMAGES = YES;
				CURRENT_PROJECT_VERSION = 1;
				DEVELOPMENT_TEAM = FSPUD8KD6F;
				GENERATE_INFOPLIST_FILE = YES;
				LD_RUNPATH_SEARCH_PATHS = (
					"$(inherited)",
					"@executable_path/../Frameworks",
					"@loader_path/../Frameworks",
				);
				MACOSX_DEPLOYMENT_TARGET = 11.3;
				MARKETING_VERSION = 1.0;
				PRODUCT_BUNDLE_IDENTIFIER = "Chapman.Tests-macOS";
				PRODUCT_NAME = "$(TARGET_NAME)";
				SDKROOT = macosx;
				SWIFT_EMIT_LOC_STRINGS = NO;
				SWIFT_VERSION = 5.0;
				TEST_TARGET_NAME = "NationalParkList (macOS)";
			};
			name = Debug;
		};
		33EE25EB27FF4BAD008296A2 /* Release */ = {
			isa = XCBuildConfiguration;
			buildSettings = {
				ALWAYS_EMBED_SWIFT_STANDARD_LIBRARIES = YES;
				CODE_SIGN_STYLE = Automatic;
				COMBINE_HIDPI_IMAGES = YES;
				CURRENT_PROJECT_VERSION = 1;
				DEVELOPMENT_TEAM = FSPUD8KD6F;
				GENERATE_INFOPLIST_FILE = YES;
				LD_RUNPATH_SEARCH_PATHS = (
					"$(inherited)",
					"@executable_path/../Frameworks",
					"@loader_path/../Frameworks",
				);
				MACOSX_DEPLOYMENT_TARGET = 11.3;
				MARKETING_VERSION = 1.0;
				PRODUCT_BUNDLE_IDENTIFIER = "Chapman.Tests-macOS";
				PRODUCT_NAME = "$(TARGET_NAME)";
				SDKROOT = macosx;
				SWIFT_EMIT_LOC_STRINGS = NO;
				SWIFT_VERSION = 5.0;
				TEST_TARGET_NAME = "NationalParkList (macOS)";
			};
			name = Release;
		};
/* End XCBuildConfiguration section */

/* Begin XCConfigurationList section */
		33EE25AE27FF4BA8008296A2 /* Build configuration list for PBXProject "NationalParkList" */ = {
			isa = XCConfigurationList;
			buildConfigurations = (
				33EE25DE27FF4BAD008296A2 /* Debug */,
				33EE25DF27FF4BAD008296A2 /* Release */,
			);
			defaultConfigurationIsVisible = 0;
			defaultConfigurationName = Release;
		};
		33EE25E027FF4BAD008296A2 /* Build configuration list for PBXNativeTarget "NationalParkList (iOS)" */ = {
			isa = XCConfigurationList;
			buildConfigurations = (
				33EE25E127FF4BAD008296A2 /* Debug */,
				33EE25E227FF4BAD008296A2 /* Release */,
			);
			defaultConfigurationIsVisible = 0;
			defaultConfigurationName = Release;
		};
		33EE25E327FF4BAD008296A2 /* Build configuration list for PBXNativeTarget "NationalParkList (macOS)" */ = {
			isa = XCConfigurationList;
			buildConfigurations = (
				33EE25E427FF4BAD008296A2 /* Debug */,
				33EE25E527FF4BAD008296A2 /* Release */,
			);
			defaultConfigurationIsVisible = 0;
			defaultConfigurationName = Release;
		};
		33EE25E627FF4BAD008296A2 /* Build configuration list for PBXNativeTarget "Tests iOS" */ = {
			isa = XCConfigurationList;
			buildConfigurations = (
				33EE25E727FF4BAD008296A2 /* Debug */,
				33EE25E827FF4BAD008296A2 /* Release */,
			);
			defaultConfigurationIsVisible = 0;
			defaultConfigurationName = Release;
		};
		33EE25E927FF4BAD008296A2 /* Build configuration list for PBXNativeTarget "Tests macOS" */ = {
			isa = XCConfigurationList;
			buildConfigurations = (
				33EE25EA27FF4BAD008296A2 /* Debug */,
				33EE25EB27FF4BAD008296A2 /* Release */,
			);
			defaultConfigurationIsVisible = 0;
			defaultConfigurationName = Release;
		};
/* End XCConfigurationList section */
	};
	rootObject = 33EE25AB27FF4BA8008296A2 /* Project object */;
}
